
Microsoft Visual Studio Solution File, Format Version 12.00
# Visual Studio 2013
VisualStudioVersion = 12.0.31101.0
MinimumVisualStudioVersion = 10.0.40219.1
Project("{FAE04EC0-301F-11D3-BF4B-00C04F79EFBC}") = "MVCHolidays", "MVCHolidays\MVCHolidays.csproj", "{966D43A6-AFF4-4766-A9E1-FD1384D17BAE}"
EndProject
Global
	GlobalSection(SolutionConfigurationPlatforms) = preSolution
		Debug|Any CPU = Debug|Any CPU
		Release|Any CPU = Release|Any CPU
	EndGlobalSection
	GlobalSection(ProjectConfigurationPlatforms) = postSolution
		{966D43A6-AFF4-4766-A9E1-FD1384D17BAE}.Debug|Any CPU.ActiveCfg = Debug|Any CPU
		{966D43A6-AFF4-4766-A9E1-FD1384D17BAE}.Debug|Any CPU.Build.0 = Debug|Any CPU
		{966D43A6-AFF4-4766-A9E1-FD1384D17BAE}.Release|Any CPU.ActiveCfg = Release|Any CPU
		{966D43A6-AFF4-4766-A9E1-FD1384D17BAE}.Release|Any CPU.Build.0 = Release|Any CPU
	EndGlobalSection
	GlobalSection(SolutionProperties) = preSolution
		HideSolutionNode = FALSE
	EndGlobalSection
EndGlobal
